
Microsoft Visual Studio Solution File, Format Version 12.00
# Visual Studio Version 17
VisualStudioVersion = 17.3.32929.385
MinimumVisualStudioVersion = 10.0.40219.1
Project("{9A19103F-16F7-4668-BE54-9A1E7A4F7556}") = "StoreApp", "StoreApp\StoreApp.csproj", "{7F8D737D-1BFE-485C-BDB0-D79FE0C2A8E4}"
EndProject
Global
	GlobalSection(SolutionConfigurationPlatforms) = preSolution
		Debug|Any CPU = Debug|Any CPU
		Release|Any CPU = Release|Any CPU
	EndGlobalSection
	GlobalSection(ProjectConfigurationPlatforms) = postSolution
		{7F8D737D-1BFE-485C-BDB0-D79FE0C2A8E4}.Debug|Any CPU.ActiveCfg = Debug|Any CPU
		{7F8D737D-1BFE-485C-BDB0-D79FE0C2A8E4}.Debug|Any CPU.Build.0 = Debug|Any CPU
		{7F8D737D-1BFE-485C-BDB0-D79FE0C2A8E4}.Release|Any CPU.ActiveCfg = Release|Any CPU
		{7F8D737D-1BFE-485C-BDB0-D79FE0C2A8E4}.Release|Any CPU.Build.0 = Release|Any CPU
	EndGlobalSection
	GlobalSection(SolutionProperties) = preSolution
		HideSolutionNode = FALSE
	EndGlobalSection
	GlobalSection(ExtensibilityGlobals) = postSolution
		SolutionGuid = {F008EB06-6B5B-4A05-8229-CEFA87431AAC}
	EndGlobalSection
EndGlobal
